
Microsoft Visual Studio Solution File, Format Version 12.00
# Visual Studio Version 17
VisualStudioVersion = 17.7.34221.43
MinimumVisualStudioVersion = 10.0.40219.1
Project("{9A19103F-16F7-4668-BE54-9A1E7A4F7556}") = "BussinessObject", "BussinessObject\BussinessObject.csproj", "{32CAD3AE-6A4A-4460-9795-45A601EF7230}"
EndProject
Project("{9A19103F-16F7-4668-BE54-9A1E7A4F7556}") = "DataAccess", "DataAccess\DataAccess.csproj", "{22F82F5F-2667-4252-B444-31B93856B3A0}"
EndProject
Project("{2150E333-8FDC-42A3-9474-1A3956D46DE8}") = "Services", "Services", "{09F529FE-A79A-497A-820A-7534FA86D099}"
EndProject
Project("{9A19103F-16F7-4668-BE54-9A1E7A4F7556}") = "CustomerAPI", "Services\CustomerAPI\CustomerAPI.csproj", "{78B6D2CA-42A7-435B-A94A-1365ACB77333}"
EndProject
Project("{9A19103F-16F7-4668-BE54-9A1E7A4F7556}") = "DoctorAPI", "Services\DoctorAPI\DoctorAPI.csproj", "{E56464C3-ACC3-4C37-958E-C0F6EB717649}"
EndProject
Project("{9A19103F-16F7-4668-BE54-9A1E7A4F7556}") = "PetAPI", "Services\PetAPI\PetAPI.csproj", "{5356A252-A0E9-4B0F-A96C-B90840389D0D}"
EndProject
Project("{9A19103F-16F7-4668-BE54-9A1E7A4F7556}") = "UserAPI", "Services\UserAPI\UserAPI.csproj", "{6536A889-3BE0-49B2-807E-0DBBD4F15663}"
EndProject
Project("{9A19103F-16F7-4668-BE54-9A1E7A4F7556}") = "ClinicAPI", "ClinicAPI\ClinicAPI.csproj", "{B9E3685D-8CC2-4E97-A843-E03E6DAF7F26}"
EndProject
Project("{9A19103F-16F7-4668-BE54-9A1E7A4F7556}") = "AppointmentAPI", "AppointmentAPI\AppointmentAPI.csproj", "{E7061481-82BA-4A8D-92B0-1F8D40786C11}"
EndProject
Project("{9A19103F-16F7-4668-BE54-9A1E7A4F7556}") = "StaffAPI", "StaffAPI\StaffAPI.csproj", "{4E9A3AD8-DC6D-40AF-8DEF-652B41AEA5FF}"
EndProject
Project("{FAE04EC0-301F-11D3-BF4B-00C04F79EFBC}") = "DoctorPetAPI", "DoctorPetAPI\DoctorPetAPI.csproj", "{B8B7708C-8CD5-40F5-B59B-2E2419DA7798}"
EndProject
Global
	GlobalSection(SolutionConfigurationPlatforms) = preSolution
		Debug|Any CPU = Debug|Any CPU
		Release|Any CPU = Release|Any CPU
	EndGlobalSection
	GlobalSection(ProjectConfigurationPlatforms) = postSolution
		{32CAD3AE-6A4A-4460-9795-45A601EF7230}.Debug|Any CPU.ActiveCfg = Debug|Any CPU
		{32CAD3AE-6A4A-4460-9795-45A601EF7230}.Debug|Any CPU.Build.0 = Debug|Any CPU
		{32CAD3AE-6A4A-4460-9795-45A601EF7230}.Release|Any CPU.ActiveCfg = Release|Any CPU
		{32CAD3AE-6A4A-4460-9795-45A601EF7230}.Release|Any CPU.Build.0 = Release|Any CPU
		{22F82F5F-2667-4252-B444-31B93856B3A0}.Debug|Any CPU.ActiveCfg = Debug|Any CPU
		{22F82F5F-2667-4252-B444-31B93856B3A0}.Debug|Any CPU.Build.0 = Debug|Any CPU
		{22F82F5F-2667-4252-B444-31B93856B3A0}.Release|Any CPU.ActiveCfg = Release|Any CPU
		{22F82F5F-2667-4252-B444-31B93856B3A0}.Release|Any CPU.Build.0 = Release|Any CPU
		{78B6D2CA-42A7-435B-A94A-1365ACB77333}.Debug|Any CPU.ActiveCfg = Debug|Any CPU
		{78B6D2CA-42A7-435B-A94A-1365ACB77333}.Debug|Any CPU.Build.0 = Debug|Any CPU
		{78B6D2CA-42A7-435B-A94A-1365ACB77333}.Release|Any CPU.ActiveCfg = Release|Any CPU
		{78B6D2CA-42A7-435B-A94A-1365ACB77333}.Release|Any CPU.Build.0 = Release|Any CPU
		{E56464C3-ACC3-4C37-958E-C0F6EB717649}.Debug|Any CPU.ActiveCfg = Debug|Any CPU
		{E56464C3-ACC3-4C37-958E-C0F6EB717649}.Debug|Any CPU.Build.0 = Debug|Any CPU
		{E56464C3-ACC3-4C37-958E-C0F6EB717649}.Release|Any CPU.ActiveCfg = Release|Any CPU
		{E56464C3-ACC3-4C37-958E-C0F6EB717649}.Release|Any CPU.Build.0 = Release|Any CPU
		{5356A252-A0E9-4B0F-A96C-B90840389D0D}.Debug|Any CPU.ActiveCfg = Debug|Any CPU
		{5356A252-A0E9-4B0F-A96C-B90840389D0D}.Debug|Any CPU.Build.0 = Debug|Any CPU
		{5356A252-A0E9-4B0F-A96C-B90840389D0D}.Release|Any CPU.ActiveCfg = Release|Any CPU
		{5356A252-A0E9-4B0F-A96C-B90840389D0D}.Release|Any CPU.Build.0 = Release|Any CPU
		{6536A889-3BE0-49B2-807E-0DBBD4F15663}.Debug|Any CPU.ActiveCfg = Debug|Any CPU
		{6536A889-3BE0-49B2-807E-0DBBD4F15663}.Debug|Any CPU.Build.0 = Debug|Any CPU
		{6536A889-3BE0-49B2-807E-0DBBD4F15663}.Release|Any CPU.ActiveCfg = Release|Any CPU
		{6536A889-3BE0-49B2-807E-0DBBD4F15663}.Release|Any CPU.Build.0 = Release|Any CPU
		{B9E3685D-8CC2-4E97-A843-E03E6DAF7F26}.Debug|Any CPU.ActiveCfg = Debug|Any CPU
		{B9E3685D-8CC2-4E97-A843-E03E6DAF7F26}.Debug|Any CPU.Build.0 = Debug|Any CPU
		{B9E3685D-8CC2-4E97-A843-E03E6DAF7F26}.Release|Any CPU.ActiveCfg = Release|Any CPU
		{B9E3685D-8CC2-4E97-A843-E03E6DAF7F26}.Release|Any CPU.Build.0 = Release|Any CPU
		{E7061481-82BA-4A8D-92B0-1F8D40786C11}.Debug|Any CPU.ActiveCfg = Debug|Any CPU
		{E7061481-82BA-4A8D-92B0-1F8D40786C11}.Debug|Any CPU.Build.0 = Debug|Any CPU
		{E7061481-82BA-4A8D-92B0-1F8D40786C11}.Release|Any CPU.ActiveCfg = Release|Any CPU
		{E7061481-82BA-4A8D-92B0-1F8D40786C11}.Release|Any CPU.Build.0 = Release|Any CPU
		{4E9A3AD8-DC6D-40AF-8DEF-652B41AEA5FF}.Debug|Any CPU.ActiveCfg = Debug|Any CPU
		{4E9A3AD8-DC6D-40AF-8DEF-652B41AEA5FF}.Debug|Any CPU.Build.0 = Debug|Any CPU
		{4E9A3AD8-DC6D-40AF-8DEF-652B41AEA5FF}.Release|Any CPU.ActiveCfg = Release|Any CPU
		{4E9A3AD8-DC6D-40AF-8DEF-652B41AEA5FF}.Release|Any CPU.Build.0 = Release|Any CPU
		{B8B7708C-8CD5-40F5-B59B-2E2419DA7798}.Debug|Any CPU.ActiveCfg = Debug|Any CPU
		{B8B7708C-8CD5-40F5-B59B-2E2419DA7798}.Debug|Any CPU.Build.0 = Debug|Any CPU
		{B8B7708C-8CD5-40F5-B59B-2E2419DA7798}.Release|Any CPU.ActiveCfg = Release|Any CPU
		{B8B7708C-8CD5-40F5-B59B-2E2419DA7798}.Release|Any CPU.Build.0 = Release|Any CPU
	EndGlobalSection
	GlobalSection(SolutionProperties) = preSolution
		HideSolutionNode = FALSE
	EndGlobalSection
	GlobalSection(NestedProjects) = preSolution
		{78B6D2CA-42A7-435B-A94A-1365ACB77333} = {09F529FE-A79A-497A-820A-7534FA86D099}
		{E56464C3-ACC3-4C37-958E-C0F6EB717649} = {09F529FE-A79A-497A-820A-7534FA86D099}
		{5356A252-A0E9-4B0F-A96C-B90840389D0D} = {09F529FE-A79A-497A-820A-7534FA86D099}
		{6536A889-3BE0-49B2-807E-0DBBD4F15663} = {09F529FE-A79A-497A-820A-7534FA86D099}
		{B9E3685D-8CC2-4E97-A843-E03E6DAF7F26} = {09F529FE-A79A-497A-820A-7534FA86D099}
		{E7061481-82BA-4A8D-92B0-1F8D40786C11} = {09F529FE-A79A-497A-820A-7534FA86D099}
		{4E9A3AD8-DC6D-40AF-8DEF-652B41AEA5FF} = {09F529FE-A79A-497A-820A-7534FA86D099}
		{B8B7708C-8CD5-40F5-B59B-2E2419DA7798} = {09F529FE-A79A-497A-820A-7534FA86D099}
	EndGlobalSection
	GlobalSection(ExtensibilityGlobals) = postSolution
		SolutionGuid = {72A9EE58-50FC-448F-9740-B9ACBE5DBF26}
	EndGlobalSection
EndGlobal
